
Microsoft Visual Studio Solution File, Format Version 12.00
# Visual Studio Version 17
VisualStudioVersion = 17.0.31919.166
MinimumVisualStudioVersion = 10.0.40219.1
Project("{FAE04EC0-301F-11D3-BF4B-00C04F79EFBC}") = "Aula07", "Aula07\Aula07.csproj", "{BFF8838E-6BB8-4202-9631-BE28C16AB869}"
EndProject
Global
	GlobalSection(SolutionConfigurationPlatforms) = preSolution
		Debug|Any CPU = Debug|Any CPU
		Release|Any CPU = Release|Any CPU
	EndGlobalSection
	GlobalSection(ProjectConfigurationPlatforms) = postSolution
		{BFF8838E-6BB8-4202-9631-BE28C16AB869}.Debug|Any CPU.ActiveCfg = Debug|Any CPU
		{BFF8838E-6BB8-4202-9631-BE28C16AB869}.Debug|Any CPU.Build.0 = Debug|Any CPU
		{BFF8838E-6BB8-4202-9631-BE28C16AB869}.Release|Any CPU.ActiveCfg = Release|Any CPU
		{BFF8838E-6BB8-4202-9631-BE28C16AB869}.Release|Any CPU.Build.0 = Release|Any CPU
	EndGlobalSection
	GlobalSection(SolutionProperties) = preSolution
		HideSolutionNode = FALSE
	EndGlobalSection
	GlobalSection(ExtensibilityGlobals) = postSolution
		SolutionGuid = {BE405ED4-A2D4-40C4-91FF-19F82578DB93}
	EndGlobalSection
EndGlobal
