
Microsoft Visual Studio Solution File, Format Version 12.00
# Visual Studio Version 17
VisualStudioVersion = 17.0.31919.166
MinimumVisualStudioVersion = 10.0.40219.1
Project("{FAE04EC0-301F-11D3-BF4B-00C04F79EFBC}") = "AulaSwitch", "AulaSwitch\AulaSwitch.csproj", "{512ABA94-FB4A-433D-97E8-0877AB299D7B}"
EndProject
Global
	GlobalSection(SolutionConfigurationPlatforms) = preSolution
		Debug|Any CPU = Debug|Any CPU
		Release|Any CPU = Release|Any CPU
	EndGlobalSection
	GlobalSection(ProjectConfigurationPlatforms) = postSolution
		{512ABA94-FB4A-433D-97E8-0877AB299D7B}.Debug|Any CPU.ActiveCfg = Debug|Any CPU
		{512ABA94-FB4A-433D-97E8-0877AB299D7B}.Debug|Any CPU.Build.0 = Debug|Any CPU
		{512ABA94-FB4A-433D-97E8-0877AB299D7B}.Release|Any CPU.ActiveCfg = Release|Any CPU
		{512ABA94-FB4A-433D-97E8-0877AB299D7B}.Release|Any CPU.Build.0 = Release|Any CPU
	EndGlobalSection
	GlobalSection(SolutionProperties) = preSolution
		HideSolutionNode = FALSE
	EndGlobalSection
	GlobalSection(ExtensibilityGlobals) = postSolution
		SolutionGuid = {0EA7180D-692E-4A9F-90A6-AD277CAC50BB}
	EndGlobalSection
EndGlobal
